{
  "name": "wroclive-functions",
  "version": "1.0.0",
  "lockfileVersion": 1,
  "requires": true,
  "dependencies": {
    "@types/node": {
      "version": "12.12.54",
      "resolved": "https://registry.npmjs.org/@types/node/-/node-12.12.54.tgz",
      "integrity": "sha512-ge4xZ3vSBornVYlDnk7yZ0gK6ChHf/CHB7Gl1I0Jhah8DDnEQqBzgohYG4FX4p81TNirSETOiSyn+y1r9/IR6w==",
      "dev": true
    },
    "typescript": {
      "version": "3.9.7",
      "resolved": "https://registry.npmjs.org/typescript/-/typescript-3.9.7.tgz",
      "integrity": "sha512-BLbiRkiBzAwsjut4x/dsibSTB6yWpwT5qWmC2OfuCg3GgVQCSgMs4vEctYPhsaGtd0AeuuHMkjZ2h2WG8MSzRw==",
      "dev": true
    }
  }
}
